<?xml version="1.0" encoding="utf-8"?>
<Project ToolsVersion="4.0" xmlns="http://schemas.microsoft.com/developer/msbuild/2003">
  <ItemGroup>
    <Filter Include="Source Files">
      <UniqueIdentifier>{4FC737F1-C7A5-4376-A066-2A32D752A2FF}</UniqueIdentifier>
      <Extensions>cpp;c;cc;cxx;def;odl;idl;hpj;bat;asm;asmx</Extensions>
    </Filter>
    <Filter Include="Header Files">
      <UniqueIdentifier>{93995380-89BD-4b04-88EB-625FBE52EBFB}</UniqueIdentifier>
      <Extensions>h;hpp;hxx;hm;inl;inc;xsd</Extensions>
    </Filter>
    <Filter Include="Header Files\libAACdec">
      <UniqueIdentifier>{92d1ef2f-77f2-4280-91d9-69848a55b46c}</UniqueIdentifier>
    </Filter>
    <Filter Include="Header Files\libAACenc">
      <UniqueIdentifier>{152ac353-01fe-4dfa-9a5a-ca219778de0c}</UniqueIdentifier>
    </Filter>
    <Filter Include="Header Files\libArithCoding">
      <UniqueIdentifier>{edb0890f-7a69-4e48-a0a2-1320243d19c8}</UniqueIdentifier>
    </Filter>
    <Filter Include="Header Files\libDRCdec">
      <UniqueIdentifier>{1a55b635-345c-41e1-a11b-b1f4979a2c5d}</UniqueIdentifier>
    </Filter>
    <Filter Include="Header Files\libFDK">
      <UniqueIdentifier>{4b25e143-31db-4d9b-8288-d1fa75c2b93d}</UniqueIdentifier>
    </Filter>
    <Filter Include="Header Files\libFDK\x86">
      <UniqueIdentifier>{4d9f9779-b4db-4967-a35f-7c42f7cc847f}</UniqueIdentifier>
    </Filter>
    <Filter Include="Header Files\libMpegTPDec">
      <UniqueIdentifier>{8e4d2bb5-4f3e-433c-897f-af1a992b81b0}</UniqueIdentifier>
    </Filter>
    <Filter Include="Header Files\libMpegTPEnc">
      <UniqueIdentifier>{9c5a8f69-442f-47f4-bb68-799e92f4c57b}</UniqueIdentifier>
    </Filter>
    <Filter Include="Header Files\libPCMutils">
      <UniqueIdentifier>{a52d1651-bd9c-43b6-89dd-8b59955bb030}</UniqueIdentifier>
    </Filter>
    <Filter Include="Header Files\libSBRenc">
      <UniqueIdentifier>{31d62472-98f7-46b4-937c-0350ce1d7fb0}</UniqueIdentifier>
    </Filter>
    <Filter Include="Header Files\libSYS">
      <UniqueIdentifier>{d9da1150-aacf-4817-818e-9b7740ecc9b4}</UniqueIdentifier>
    </Filter>
    <Filter Include="Source Files\libAACdec">
      <UniqueIdentifier>{0afd9d7a-0219-4cc1-b654-34c04156ecdc}</UniqueIdentifier>
    </Filter>
    <Filter Include="Source Files\libAACenc">
      <UniqueIdentifier>{16207361-d927-4583-a3ea-9e55002dcdf8}</UniqueIdentifier>
    </Filter>
    <Filter Include="Source Files\libArithCoding">
      <UniqueIdentifier>{ee6264ba-7744-47f7-81d7-b37815b9b8ef}</UniqueIdentifier>
    </Filter>
    <Filter Include="Source Files\libDRCdec">
      <UniqueIdentifier>{2d31aed1-330b-416b-93bb-1e03ba005ca6}</UniqueIdentifier>
    </Filter>
    <Filter Include="Source Files\libFDK">
      <UniqueIdentifier>{0ae7bef0-f89d-4abc-90d8-3719ab5caf86}</UniqueIdentifier>
    </Filter>
    <Filter Include="Source Files\libMpegTPDec">
      <UniqueIdentifier>{3ab9e5f8-d920-4bb4-a08e-3eaad57bcea7}</UniqueIdentifier>
    </Filter>
    <Filter Include="Source Files\libMpegTPEnc">
      <UniqueIdentifier>{1aabd9f1-a382-4ef0-9479-9860488a3b76}</UniqueIdentifier>
    </Filter>
    <Filter Include="Source Files\libPCMutils">
      <UniqueIdentifier>{647c66ad-2436-4d2a-b46b-d369fde459e7}</UniqueIdentifier>
    </Filter>
    <Filter Include="Source Files\libSACdec">
      <UniqueIdentifier>{2569e722-8013-4304-b451-b1e42aafbac4}</UniqueIdentifier>
    </Filter>
    <Filter Include="Source Files\libSACenc">
      <UniqueIdentifier>{8e2cfcab-e804-4586-ac63-73b240e18543}</UniqueIdentifier>
    </Filter>
    <Filter Include="Header Files\libSACdec">
      <UniqueIdentifier>{52de8647-2e42-468d-b9fe-1689a14a735a}</UniqueIdentifier>
    </Filter>
    <Filter Include="Header Files\libSACenc">
      <UniqueIdentifier>{78d9f26f-0e8e-4b3f-b11d-fae879e9cb50}</UniqueIdentifier>
    </Filter>
    <Filter Include="Source Files\libSBRdec">
      <UniqueIdentifier>{085e05c2-e529-4fc5-977f-116e7e6861b3}</UniqueIdentifier>
    </Filter>
    <Filter Include="Header Files\libSBRdec">
      <UniqueIdentifier>{27d5e31e-b32f-4677-84d8-c00d0aba2c61}</UniqueIdentifier>
    </Filter>
    <Filter Include="Source Files\libSBRenc">
      <UniqueIdentifier>{804089d7-5051-4541-b43f-562d4664a9e7}</UniqueIdentifier>
    </Filter>
    <Filter Include="Source Files\libSYS">
      <UniqueIdentifier>{69cf072f-9cf1-4c28-9ed2-0c6889177b55}</UniqueIdentifier>
    </Filter>
  </ItemGroup>
  <ItemGroup>
    <ClInclude Include="..\libAACdec\include\aacdecoder_lib.h">
      <Filter>Header Files\libAACdec</Filter>
    </ClInclude>
    <ClInclude Include="..\libAACenc\include\aacenc_lib.h">
      <Filter>Header Files\libAACenc</Filter>
    </ClInclude>
    <ClInclude Include="..\libFDK\include\abs.h">
      <Filter>Header Files\libFDK</Filter>
    </ClInclude>
    <ClInclude Include="..\libFDK\include\autocorr2nd.h">
      <Filter>Header Files\libFDK</Filter>
    </ClInclude>
    <ClInclude Include="..\libFDK\include\clz.h">
      <Filter>Header Files\libFDK</Filter>
    </ClInclude>
    <ClInclude Include="..\libFDK\include\common_fix.h">
      <Filter>Header Files\libFDK</Filter>
    </ClInclude>
    <ClInclude Include="..\libFDK\include\cplx_mul.h">
      <Filter>Header Files\libFDK</Filter>
    </ClInclude>
    <ClInclude Include="..\libFDK\include\dct.h">
      <Filter>Header Files\libFDK</Filter>
    </ClInclude>
    <ClInclude Include="..\libFDK\include\FDK_archdef.h">
      <Filter>Header Files\libFDK</Filter>
    </ClInclude>
    <ClInclude Include="..\libFDK\include\FDK_bitbuffer.h">
      <Filter>Header Files\libFDK</Filter>
    </ClInclude>
    <ClInclude Include="..\libFDK\include\FDK_bitstream.h">
      <Filter>Header Files\libFDK</Filter>
    </ClInclude>
    <ClInclude Include="..\libFDK\include\FDK_core.h">
      <Filter>Header Files\libFDK</Filter>
    </ClInclude>
    <ClInclude Include="..\libFDK\include\FDK_crc.h">
      <Filter>Header Files\libFDK</Filter>
    </ClInclude>
    <ClInclude Include="..\libFDK\include\FDK_hybrid.h">
      <Filter>Header Files\libFDK</Filter>
    </ClInclude>
    <ClInclude Include="..\libFDK\include\FDK_tools_rom.h">
      <Filter>Header Files\libFDK</Filter>
    </ClInclude>
    <ClInclude Include="..\libFDK\include\FDK_trigFcts.h">
      <Filter>Header Files\libFDK</Filter>
    </ClInclude>
    <ClInclude Include="..\libFDK\include\fft.h">
      <Filter>Header Files\libFDK</Filter>
    </ClInclude>
    <ClInclude Include="..\libFDK\include\fft_rad2.h">
      <Filter>Header Files\libFDK</Filter>
    </ClInclude>
    <ClInclude Include="..\libFDK\include\fixmadd.h">
      <Filter>Header Files\libFDK</Filter>
    </ClInclude>
    <ClInclude Include="..\libFDK\include\fixminmax.h">
      <Filter>Header Files\libFDK</Filter>
    </ClInclude>
    <ClInclude Include="..\libFDK\include\fixmul.h">
      <Filter>Header Files\libFDK</Filter>
    </ClInclude>
    <ClInclude Include="..\libFDK\include\fixpoint_math.h">
      <Filter>Header Files\libFDK</Filter>
    </ClInclude>
    <ClInclude Include="..\libFDK\include\mdct.h">
      <Filter>Header Files\libFDK</Filter>
    </ClInclude>
    <ClInclude Include="..\libFDK\include\qmf.h">
      <Filter>Header Files\libFDK</Filter>
    </ClInclude>
    <ClInclude Include="..\libFDK\include\scale.h">
      <Filter>Header Files\libFDK</Filter>
    </ClInclude>
    <ClInclude Include="..\libFDK\include\scramble.h">
      <Filter>Header Files\libFDK</Filter>
    </ClInclude>
    <ClInclude Include="..\libFDK\include\x86\abs_x86.h">
      <Filter>Header Files\libFDK\x86</Filter>
    </ClInclude>
    <ClInclude Include="..\libFDK\include\x86\fixmul_x86.h">
      <Filter>Header Files\libFDK\x86</Filter>
    </ClInclude>
    <ClInclude Include="..\libMpegTPDec\include\mpegFileRead.h">
      <Filter>Header Files\libMpegTPDec</Filter>
    </ClInclude>
    <ClInclude Include="..\libMpegTPDec\include\tp_data.h">
      <Filter>Header Files\libMpegTPDec</Filter>
    </ClInclude>
    <ClInclude Include="..\libMpegTPDec\include\tpdec_lib.h">
      <Filter>Header Files\libMpegTPDec</Filter>
    </ClInclude>
    <ClInclude Include="..\libMpegTPEnc\include\mpegFileWrite.h">
      <Filter>Header Files\libMpegTPEnc</Filter>
    </ClInclude>
    <ClInclude Include="..\libMpegTPEnc\include\tp_data.h">
      <Filter>Header Files\libMpegTPEnc</Filter>
    </ClInclude>
    <ClInclude Include="..\libMpegTPEnc\include\tpenc_lib.h">
      <Filter>Header Files\libMpegTPEnc</Filter>
    </ClInclude>
    <ClInclude Include="..\libPCMutils\include\pcmutils_lib.h">
      <Filter>Header Files\libPCMutils</Filter>
    </ClInclude>
    <ClInclude Include="..\libSBRdec\include\sbrdecoder.h">
      <Filter>Header Files\libSBRdec</Filter>
    </ClInclude>
    <ClInclude Include="..\libSBRenc\include\sbr_encoder.h">
      <Filter>Header Files\libSBRenc</Filter>
    </ClInclude>
    <ClInclude Include="..\libAACdec\src\aac_ram.h">
      <Filter>Source Files\libAACdec</Filter>
    </ClInclude>
    <ClInclude Include="..\libAACdec\src\aac_rom.h">
      <Filter>Source Files\libAACdec</Filter>
    </ClInclude>
    <ClInclude Include="..\libAACdec\src\aacdec_drc.h">
      <Filter>Source Files\libAACdec</Filter>
    </ClInclude>
    <ClInclude Include="..\libAACdec\src\aacdec_drc_types.h">
      <Filter>Source Files\libAACdec</Filter>
    </ClInclude>
    <ClInclude Include="..\libAACdec\src\aacdec_hcr.h">
      <Filter>Source Files\libAACdec</Filter>
    </ClInclude>
    <ClInclude Include="..\libAACdec\src\aacdec_hcr_bit.h">
      <Filter>Source Files\libAACdec</Filter>
    </ClInclude>
    <ClInclude Include="..\libAACdec\src\aacdec_hcr_types.h">
      <Filter>Source Files\libAACdec</Filter>
    </ClInclude>
    <ClInclude Include="..\libAACdec\src\aacdec_hcrs.h">
      <Filter>Source Files\libAACdec</Filter>
    </ClInclude>
    <ClInclude Include="..\libAACdec\src\aacdec_pns.h">
      <Filter>Source Files\libAACdec</Filter>
    </ClInclude>
    <ClInclude Include="..\libAACdec\src\aacdec_tns.h">
      <Filter>Source Files\libAACdec</Filter>
    </ClInclude>
    <ClInclude Include="..\libAACdec\src\aacdecoder.h">
      <Filter>Source Files\libAACdec</Filter>
    </ClInclude>
    <ClInclude Include="..\libAACdec\src\block.h">
      <Filter>Source Files\libAACdec</Filter>
    </ClInclude>
    <ClInclude Include="..\libAACdec\src\channel.h">
      <Filter>Source Files\libAACdec</Filter>
    </ClInclude>
    <ClInclude Include="..\libAACdec\src\channelinfo.h">
      <Filter>Source Files\libAACdec</Filter>
    </ClInclude>
    <ClInclude Include="..\libAACdec\src\conceal.h">
      <Filter>Source Files\libAACdec</Filter>
    </ClInclude>
    <ClInclude Include="..\libAACdec\src\conceal_types.h">
      <Filter>Source Files\libAACdec</Filter>
    </ClInclude>
    <ClInclude Include="..\libAACdec\src\debug.h">
      <Filter>Source Files\libAACdec</Filter>
    </ClInclude>
    <ClInclude Include="..\libAACdec\src\ldfiltbank.h">
      <Filter>Source Files\libAACdec</Filter>
    </ClInclude>
    <ClInclude Include="..\libAACdec\src\overlapadd.h">
      <Filter>Source Files\libAACdec</Filter>
    </ClInclude>
    <ClInclude Include="..\libAACdec\src\pulsedata.h">
      <Filter>Source Files\libAACdec</Filter>
    </ClInclude>
    <ClInclude Include="..\libAACdec\src\rvlc.h">
      <Filter>Source Files\libAACdec</Filter>
    </ClInclude>
    <ClInclude Include="..\libAACdec\src\rvlc_info.h">
      <Filter>Source Files\libAACdec</Filter>
    </ClInclude>
    <ClInclude Include="..\libAACdec\src\rvlcbit.h">
      <Filter>Source Files\libAACdec</Filter>
    </ClInclude>
    <ClInclude Include="..\libAACdec\src\rvlcconceal.h">
      <Filter>Source Files\libAACdec</Filter>
    </ClInclude>
    <ClInclude Include="..\libAACdec\src\stereo.h">
      <Filter>Source Files\libAACdec</Filter>
    </ClInclude>
    <ClInclude Include="..\libAACenc\src\aacenc.h">
      <Filter>Source Files\libAACenc</Filter>
    </ClInclude>
    <ClInclude Include="..\libAACenc\src\aacenc_pns.h">
      <Filter>Source Files\libAACenc</Filter>
    </ClInclude>
    <ClInclude Include="..\libAACenc\src\aacEnc_ram.h">
      <Filter>Source Files\libAACenc</Filter>
    </ClInclude>
    <ClInclude Include="..\libAACenc\src\aacEnc_rom.h">
      <Filter>Source Files\libAACenc</Filter>
    </ClInclude>
    <ClInclude Include="..\libAACenc\src\aacenc_tns.h">
      <Filter>Source Files\libAACenc</Filter>
    </ClInclude>
    <ClInclude Include="..\libAACenc\src\adj_thr.h">
      <Filter>Source Files\libAACenc</Filter>
    </ClInclude>
    <ClInclude Include="..\libAACenc\src\adj_thr_data.h">
      <Filter>Source Files\libAACenc</Filter>
    </ClInclude>
    <ClInclude Include="..\libAACenc\src\band_nrg.h">
      <Filter>Source Files\libAACenc</Filter>
    </ClInclude>
    <ClInclude Include="..\libAACenc\src\bandwidth.h">
      <Filter>Source Files\libAACenc</Filter>
    </ClInclude>
    <ClInclude Include="..\libAACenc\src\bit_cnt.h">
      <Filter>Source Files\libAACenc</Filter>
    </ClInclude>
    <ClInclude Include="..\libAACenc\src\bitenc.h">
      <Filter>Source Files\libAACenc</Filter>
    </ClInclude>
    <ClInclude Include="..\libAACenc\src\block_switch.h">
      <Filter>Source Files\libAACenc</Filter>
    </ClInclude>
    <ClInclude Include="..\libAACenc\src\channel_map.h">
      <Filter>Source Files\libAACenc</Filter>
    </ClInclude>
    <ClInclude Include="..\libAACenc\src\chaosmeasure.h">
      <Filter>Source Files\libAACenc</Filter>
    </ClInclude>
    <ClInclude Include="..\libAACenc\src\dyn_bits.h">
      <Filter>Source Files\libAACenc</Filter>
    </ClInclude>
    <ClInclude Include="..\libAACenc\src\grp_data.h">
      <Filter>Source Files\libAACenc</Filter>
    </ClInclude>
    <ClInclude Include="..\libAACenc\src\intensity.h">
      <Filter>Source Files\libAACenc</Filter>
    </ClInclude>
    <ClInclude Include="..\libAACenc\src\interface.h">
      <Filter>Source Files\libAACenc</Filter>
    </ClInclude>
    <ClInclude Include="..\libAACenc\src\line_pe.h">
      <Filter>Source Files\libAACenc</Filter>
    </ClInclude>
    <ClInclude Include="..\libAACenc\src\metadata_compressor.h">
      <Filter>Source Files\libAACenc</Filter>
    </ClInclude>
    <ClInclude Include="..\libAACenc\src\metadata_main.h">
      <Filter>Source Files\libAACenc</Filter>
    </ClInclude>
    <ClInclude Include="..\libAACenc\src\ms_stereo.h">
      <Filter>Source Files\libAACenc</Filter>
    </ClInclude>
    <ClInclude Include="..\libAACenc\src\noisedet.h">
      <Filter>Source Files\libAACenc</Filter>
    </ClInclude>
    <ClInclude Include="..\libAACenc\src\pns_func.h">
      <Filter>Source Files\libAACenc</Filter>
    </ClInclude>
    <ClInclude Include="..\libAACenc\src\pnsparam.h">
      <Filter>Source Files\libAACenc</Filter>
    </ClInclude>
    <ClInclude Include="..\libAACenc\src\pre_echo_control.h">
      <Filter>Source Files\libAACenc</Filter>
    </ClInclude>
    <ClInclude Include="..\libAACenc\src\psy_configuration.h">
      <Filter>Source Files\libAACenc</Filter>
    </ClInclude>
    <ClInclude Include="..\libAACenc\src\psy_const.h">
      <Filter>Source Files\libAACenc</Filter>
    </ClInclude>
    <ClInclude Include="..\libAACenc\src\psy_data.h">
      <Filter>Source Files\libAACenc</Filter>
    </ClInclude>
    <ClInclude Include="..\libAACenc\src\psy_main.h">
      <Filter>Source Files\libAACenc</Filter>
    </ClInclude>
    <ClInclude Include="..\libAACenc\src\qc_data.h">
      <Filter>Source Files\libAACenc</Filter>
    </ClInclude>
    <ClInclude Include="..\libAACenc\src\qc_main.h">
      <Filter>Source Files\libAACenc</Filter>
    </ClInclude>
    <ClInclude Include="..\libAACenc\src\quantize.h">
      <Filter>Source Files\libAACenc</Filter>
    </ClInclude>
    <ClInclude Include="..\libAACenc\src\sf_estim.h">
      <Filter>Source Files\libAACenc</Filter>
    </ClInclude>
    <ClInclude Include="..\libAACenc\src\spreading.h">
      <Filter>Source Files\libAACenc</Filter>
    </ClInclude>
    <ClInclude Include="..\libAACenc\src\tns_func.h">
      <Filter>Source Files\libAACenc</Filter>
    </ClInclude>
    <ClInclude Include="..\libAACenc\src\tonality.h">
      <Filter>Source Files\libAACenc</Filter>
    </ClInclude>
    <ClInclude Include="..\libAACenc\src\transform.h">
      <Filter>Source Files\libAACenc</Filter>
    </ClInclude>
    <ClInclude Include="..\libMpegTPDec\src\mpegFileFormat.h">
      <Filter>Source Files\libMpegTPDec</Filter>
    </ClInclude>
    <ClInclude Include="..\libMpegTPDec\src\tpdec_adif.h">
      <Filter>Source Files\libMpegTPDec</Filter>
    </ClInclude>
    <ClInclude Include="..\libMpegTPDec\src\tpdec_adts.h">
      <Filter>Source Files\libMpegTPDec</Filter>
    </ClInclude>
    <ClInclude Include="..\libMpegTPDec\src\tpdec_latm.h">
      <Filter>Source Files\libMpegTPDec</Filter>
    </ClInclude>
    <ClInclude Include="..\libMpegTPEnc\src\tpenc_adif.h">
      <Filter>Source Files\libMpegTPEnc</Filter>
    </ClInclude>
    <ClInclude Include="..\libMpegTPEnc\src\tpenc_adts.h">
      <Filter>Source Files\libMpegTPEnc</Filter>
    </ClInclude>
    <ClInclude Include="..\libMpegTPEnc\src\tpenc_asc.h">
      <Filter>Source Files\libMpegTPEnc</Filter>
    </ClInclude>
    <ClInclude Include="..\libMpegTPEnc\src\tpenc_latm.h">
      <Filter>Source Files\libMpegTPEnc</Filter>
    </ClInclude>
    <ClInclude Include="..\libAACdec\src\FDK_delay.h">
      <Filter>Source Files\libAACdec</Filter>
    </ClInclude>
    <ClInclude Include="..\libAACdec\src\usacdec_ace_d4t64.h">
      <Filter>Source Files\libAACdec</Filter>
    </ClInclude>
    <ClInclude Include="..\libAACdec\src\usacdec_ace_ltp.h">
      <Filter>Source Files\libAACdec</Filter>
    </ClInclude>
    <ClInclude Include="..\libAACdec\src\usacdec_acelp.h">
      <Filter>Source Files\libAACdec</Filter>
    </ClInclude>
    <ClInclude Include="..\libAACdec\src\usacdec_const.h">
      <Filter>Source Files\libAACdec</Filter>
    </ClInclude>
    <ClInclude Include="..\libAACdec\src\usacdec_fac.h">
      <Filter>Source Files\libAACdec</Filter>
    </ClInclude>
    <ClInclude Include="..\libAACdec\src\usacdec_lpc.h">
      <Filter>Source Files\libAACdec</Filter>
    </ClInclude>
    <ClInclude Include="..\libAACdec\src\usacdec_lpd.h">
      <Filter>Source Files\libAACdec</Filter>
    </ClInclude>
    <ClInclude Include="..\libAACdec\src\usacdec_rom.h">
      <Filter>Source Files\libAACdec</Filter>
    </ClInclude>
    <ClInclude Include="..\libAACenc\src\mps_main.h">
      <Filter>Source Files\libAACenc</Filter>
    </ClInclude>
    <ClInclude Include="..\libMpegTPDec\src\tp_version.h">
      <Filter>Source Files\libMpegTPDec</Filter>
    </ClInclude>
    <ClInclude Include="..\libMpegTPDec\src\tpdec_drm.h">
      <Filter>Source Files\libMpegTPDec</Filter>
    </ClInclude>
    <ClInclude Include="..\libMpegTPEnc\src\tp_version.h">
      <Filter>Source Files\libMpegTPEnc</Filter>
    </ClInclude>
    <ClInclude Include="..\libPCMutils\src\version.h">
      <Filter>Source Files\libPCMutils</Filter>
    </ClInclude>
    <ClInclude Include="..\libSBRdec\src\env_calc.h">
      <Filter>Source Files\libSBRdec</Filter>
    </ClInclude>
    <ClInclude Include="..\libSBRdec\src\env_dec.h">
      <Filter>Source Files\libSBRdec</Filter>
    </ClInclude>
    <ClInclude Include="..\libSBRdec\src\env_extr.h">
      <Filter>Source Files\libSBRdec</Filter>
    </ClInclude>
    <ClInclude Include="..\libSBRdec\src\hbe.h">
      <Filter>Source Files\libSBRdec</Filter>
    </ClInclude>
    <ClInclude Include="..\libSBRdec\src\HFgen_preFlat.h">
      <Filter>Source Files\libSBRdec</Filter>
    </ClInclude>
    <ClInclude Include="..\libSBRdec\src\huff_dec.h">
      <Filter>Source Files\libSBRdec</Filter>
    </ClInclude>
    <ClInclude Include="..\libSBRdec\src\lpp_tran.h">
      <Filter>Source Files\libSBRdec</Filter>
    </ClInclude>
    <ClInclude Include="..\libSBRdec\src\psbitdec.h">
      <Filter>Source Files\libSBRdec</Filter>
    </ClInclude>
    <ClInclude Include="..\libSBRdec\src\psdec.h">
      <Filter>Source Files\libSBRdec</Filter>
    </ClInclude>
    <ClInclude Include="..\libSBRdec\src\psdec_drm.h">
      <Filter>Source Files\libSBRdec</Filter>
    </ClInclude>
    <ClInclude Include="..\libSBRdec\src\pvc_dec.h">
      <Filter>Source Files\libSBRdec</Filter>
    </ClInclude>
    <ClInclude Include="..\libSBRdec\src\sbr_crc.h">
      <Filter>Source Files\libSBRdec</Filter>
    </ClInclude>
    <ClInclude Include="..\libSBRdec\src\sbr_deb.h">
      <Filter>Source Files\libSBRdec</Filter>
    </ClInclude>
    <ClInclude Include="..\libSBRdec\src\sbr_dec.h">
      <Filter>Source Files\libSBRdec</Filter>
    </ClInclude>
    <ClInclude Include="..\libSBRdec\src\sbr_ram.h">
      <Filter>Source Files\libSBRdec</Filter>
    </ClInclude>
    <ClInclude Include="..\libSBRdec\src\sbr_rom.h">
      <Filter>Source Files\libSBRdec</Filter>
    </ClInclude>
    <ClInclude Include="..\libSBRdec\src\sbrdec_drc.h">
      <Filter>Source Files\libSBRdec</Filter>
    </ClInclude>
    <ClInclude Include="..\libSBRdec\src\sbrdec_freq_sca.h">
      <Filter>Source Files\libSBRdec</Filter>
    </ClInclude>
    <ClInclude Include="..\libSBRdec\src\transcendent.h">
      <Filter>Source Files\libSBRdec</Filter>
    </ClInclude>
    <ClInclude Include="..\libSBRenc\src\bit_sbr.h">
      <Filter>Source Files\libSBRenc</Filter>
    </ClInclude>
    <ClInclude Include="..\libSBRenc\src\cmondata.h">
      <Filter>Source Files\libSBRenc</Filter>
    </ClInclude>
    <ClInclude Include="..\libSBRenc\src\code_env.h">
      <Filter>Source Files\libSBRenc</Filter>
    </ClInclude>
    <ClInclude Include="..\libSBRenc\src\env_bit.h">
      <Filter>Source Files\libSBRenc</Filter>
    </ClInclude>
    <ClInclude Include="..\libSBRenc\src\env_est.h">
      <Filter>Source Files\libSBRenc</Filter>
    </ClInclude>
    <ClInclude Include="..\libSBRenc\src\fram_gen.h">
      <Filter>Source Files\libSBRenc</Filter>
    </ClInclude>
    <ClInclude Include="..\libSBRenc\src\invf_est.h">
      <Filter>Source Files\libSBRenc</Filter>
    </ClInclude>
    <ClInclude Include="..\libSBRenc\src\mh_det.h">
      <Filter>Source Files\libSBRenc</Filter>
    </ClInclude>
    <ClInclude Include="..\libSBRenc\src\nf_est.h">
      <Filter>Source Files\libSBRenc</Filter>
    </ClInclude>
    <ClInclude Include="..\libSBRenc\src\ps_bitenc.h">
      <Filter>Source Files\libSBRenc</Filter>
    </ClInclude>
    <ClInclude Include="..\libSBRenc\src\ps_const.h">
      <Filter>Source Files\libSBRenc</Filter>
    </ClInclude>
    <ClInclude Include="..\libSBRenc\src\ps_encode.h">
      <Filter>Source Files\libSBRenc</Filter>
    </ClInclude>
    <ClInclude Include="..\libSBRenc\src\ps_main.h">
      <Filter>Source Files\libSBRenc</Filter>
    </ClInclude>
    <ClInclude Include="..\libSBRenc\src\resampler.h">
      <Filter>Source Files\libSBRenc</Filter>
    </ClInclude>
    <ClInclude Include="..\libSBRenc\src\sbr.h">
      <Filter>Source Files\libSBRenc</Filter>
    </ClInclude>
    <ClInclude Include="..\libSBRenc\src\sbr_def.h">
      <Filter>Source Files\libSBRenc</Filter>
    </ClInclude>
    <ClInclude Include="..\libSBRenc\src\sbr_misc.h">
      <Filter>Source Files\libSBRenc</Filter>
    </ClInclude>
    <ClInclude Include="..\libSBRenc\src\sbrenc_freq_sca.h">
      <Filter>Source Files\libSBRenc</Filter>
    </ClInclude>
    <ClInclude Include="..\libSBRenc\src\sbrenc_ram.h">
      <Filter>Source Files\libSBRenc</Filter>
    </ClInclude>
    <ClInclude Include="..\libSBRenc\src\sbrenc_rom.h">
      <Filter>Source Files\libSBRenc</Filter>
    </ClInclude>
    <ClInclude Include="..\libSBRenc\src\ton_corr.h">
      <Filter>Source Files\libSBRenc</Filter>
    </ClInclude>
    <ClInclude Include="..\libSBRenc\src\tran_det.h">
      <Filter>Source Files\libSBRenc</Filter>
    </ClInclude>
    <ClInclude Include="..\libSACdec\src\sac_bitdec.h">
      <Filter>Source Files\libSACdec</Filter>
    </ClInclude>
    <ClInclude Include="..\libSACdec\src\sac_calcM1andM2.h">
      <Filter>Source Files\libSACdec</Filter>
    </ClInclude>
    <ClInclude Include="..\libSACdec\src\sac_dec.h">
      <Filter>Source Files\libSACdec</Filter>
    </ClInclude>
    <ClInclude Include="..\libSACdec\src\sac_dec_conceal.h">
      <Filter>Source Files\libSACdec</Filter>
    </ClInclude>
    <ClInclude Include="..\libSACdec\src\sac_dec_interface.h">
      <Filter>Source Files\libSACdec</Filter>
    </ClInclude>
    <ClInclude Include="..\libSACdec\src\sac_dec_ssc_struct.h">
      <Filter>Source Files\libSACdec</Filter>
    </ClInclude>
    <ClInclude Include="..\libSACdec\src\sac_process.h">
      <Filter>Source Files\libSACdec</Filter>
    </ClInclude>
    <ClInclude Include="..\libSACdec\src\sac_qmf.h">
      <Filter>Source Files\libSACdec</Filter>
    </ClInclude>
    <ClInclude Include="..\libSACdec\src\sac_reshapeBBEnv.h">
      <Filter>Source Files\libSACdec</Filter>
    </ClInclude>
    <ClInclude Include="..\libSACdec\src\sac_rom.h">
      <Filter>Source Files\libSACdec</Filter>
    </ClInclude>
    <ClInclude Include="..\libSACdec\src\sac_smoothing.h">
      <Filter>Source Files\libSACdec</Filter>
    </ClInclude>
    <ClInclude Include="..\libSACdec\src\sac_stp.h">
      <Filter>Source Files\libSACdec</Filter>
    </ClInclude>
    <ClInclude Include="..\libSACenc\src\sacenc_bitstream.h">
      <Filter>Source Files\libSACenc</Filter>
    </ClInclude>
    <ClInclude Include="..\libSACenc\src\sacenc_const.h">
      <Filter>Source Files\libSACenc</Filter>
    </ClInclude>
    <ClInclude Include="..\libSACenc\src\sacenc_delay.h">
      <Filter>Source Files\libSACenc</Filter>
    </ClInclude>
    <ClInclude Include="..\libSACenc\src\sacenc_dmx_tdom_enh.h">
      <Filter>Source Files\libSACenc</Filter>
    </ClInclude>
    <ClInclude Include="..\libSACenc\src\sacenc_filter.h">
      <Filter>Source Files\libSACenc</Filter>
    </ClInclude>
    <ClInclude Include="..\libSACenc\src\sacenc_framewindowing.h">
      <Filter>Source Files\libSACenc</Filter>
    </ClInclude>
    <ClInclude Include="..\libSACenc\src\sacenc_huff_tab.h">
      <Filter>Source Files\libSACenc</Filter>
    </ClInclude>
    <ClInclude Include="..\libSACenc\src\sacenc_nlc_enc.h">
      <Filter>Source Files\libSACenc</Filter>
    </ClInclude>
    <ClInclude Include="..\libSACenc\src\sacenc_onsetdetect.h">
      <Filter>Source Files\libSACenc</Filter>
    </ClInclude>
    <ClInclude Include="..\libSACenc\src\sacenc_paramextract.h">
      <Filter>Source Files\libSACenc</Filter>
    </ClInclude>
    <ClInclude Include="..\libSACenc\src\sacenc_staticgain.h">
      <Filter>Source Files\libSACenc</Filter>
    </ClInclude>
    <ClInclude Include="..\libSACenc\src\sacenc_tree.h">
      <Filter>Source Files\libSACenc</Filter>
    </ClInclude>
    <ClInclude Include="..\libSACenc\src\sacenc_vectorfunctions.h">
      <Filter>Source Files\libSACenc</Filter>
    </ClInclude>
    <ClInclude Include="..\libSYS\include\FDK_audio.h">
      <Filter>Header Files\libSYS</Filter>
    </ClInclude>
    <ClInclude Include="..\libSYS\include\genericStds.h">
      <Filter>Header Files\libSYS</Filter>
    </ClInclude>
    <ClInclude Include="..\libSYS\include\machine_type.h">
      <Filter>Header Files\libSYS</Filter>
    </ClInclude>
    <ClInclude Include="..\libSYS\include\syslib_channelMapDescr.h">
      <Filter>Header Files\libSYS</Filter>
    </ClInclude>
    <ClInclude Include="..\libSACdec\include\sac_dec_errorcodes.h">
      <Filter>Header Files\libSACdec</Filter>
    </ClInclude>
    <ClInclude Include="..\libSACdec\include\sac_dec_lib.h">
      <Filter>Header Files\libSACdec</Filter>
    </ClInclude>
    <ClInclude Include="..\libSACenc\include\sacenc_lib.h">
      <Filter>Header Files\libSACenc</Filter>
    </ClInclude>
    <ClInclude Include="..\libArithCoding\include\ac_arith_coder.h">
      <Filter>Header Files\libArithCoding</Filter>
    </ClInclude>
    <ClInclude Include="..\libDRCdec\include\FDK_drcDecLib.h">
      <Filter>Header Files\libDRCdec</Filter>
    </ClInclude>
    <ClInclude Include="..\libDRCdec\src\drcDec_gainDecoder.h">
      <Filter>Source Files\libDRCdec</Filter>
    </ClInclude>
    <ClInclude Include="..\libDRCdec\src\drcDec_reader.h">
      <Filter>Source Files\libDRCdec</Filter>
    </ClInclude>
    <ClInclude Include="..\libDRCdec\src\drcDec_rom.h">
      <Filter>Source Files\libDRCdec</Filter>
    </ClInclude>
    <ClInclude Include="..\libDRCdec\src\drcDec_selectionProcess.h">
      <Filter>Source Files\libDRCdec</Filter>
    </ClInclude>
    <ClInclude Include="..\libDRCdec\src\drcDec_tools.h">
      <Filter>Source Files\libDRCdec</Filter>
    </ClInclude>
    <ClInclude Include="..\libDRCdec\src\drcDec_types.h">
      <Filter>Source Files\libDRCdec</Filter>
    </ClInclude>
    <ClInclude Include="..\libDRCdec\src\drcDecoder.h">
      <Filter>Source Files\libDRCdec</Filter>
    </ClInclude>
    <ClInclude Include="..\libDRCdec\src\drcGainDec_init.h">
      <Filter>Source Files\libDRCdec</Filter>
    </ClInclude>
    <ClInclude Include="..\libDRCdec\src\drcGainDec_preprocess.h">
      <Filter>Source Files\libDRCdec</Filter>
    </ClInclude>
    <ClInclude Include="..\libDRCdec\src\drcGainDec_process.h">
      <Filter>Source Files\libDRCdec</Filter>
    </ClInclude>
  </ItemGroup>
  <ItemGroup>
    <ClCompile Include="..\libAACdec\src\aac_ram.cpp">
      <Filter>Source Files\libAACdec</Filter>
    </ClCompile>
    <ClCompile Include="..\libAACdec\src\aac_rom.cpp">
      <Filter>Source Files\libAACdec</Filter>
    </ClCompile>
    <ClCompile Include="..\libAACdec\src\aacdec_drc.cpp">
      <Filter>Source Files\libAACdec</Filter>
    </ClCompile>
    <ClCompile Include="..\libAACdec\src\aacdec_hcr.cpp">
      <Filter>Source Files\libAACdec</Filter>
    </ClCompile>
    <ClCompile Include="..\libAACdec\src\aacdec_hcr_bit.cpp">
      <Filter>Source Files\libAACdec</Filter>
    </ClCompile>
    <ClCompile Include="..\libAACdec\src\aacdec_hcrs.cpp">
      <Filter>Source Files\libAACdec</Filter>
    </ClCompile>
    <ClCompile Include="..\libAACdec\src\aacdec_pns.cpp">
      <Filter>Source Files\libAACdec</Filter>
    </ClCompile>
    <ClCompile Include="..\libAACdec\src\aacdec_tns.cpp">
      <Filter>Source Files\libAACdec</Filter>
    </ClCompile>
    <ClCompile Include="..\libAACdec\src\aacdecoder.cpp">
      <Filter>Source Files\libAACdec</Filter>
    </ClCompile>
    <ClCompile Include="..\libAACdec\src\aacdecoder_lib.cpp">
      <Filter>Source Files\libAACdec</Filter>
    </ClCompile>
    <ClCompile Include="..\libAACdec\src\block.cpp">
      <Filter>Source Files\libAACdec</Filter>
    </ClCompile>
    <ClCompile Include="..\libAACdec\src\channel.cpp">
      <Filter>Source Files\libAACdec</Filter>
    </ClCompile>
    <ClCompile Include="..\libAACdec\src\channelinfo.cpp">
      <Filter>Source Files\libAACdec</Filter>
    </ClCompile>
    <ClCompile Include="..\libAACdec\src\conceal.cpp">
      <Filter>Source Files\libAACdec</Filter>
    </ClCompile>
    <ClCompile Include="..\libAACdec\src\ldfiltbank.cpp">
      <Filter>Source Files\libAACdec</Filter>
    </ClCompile>
    <ClCompile Include="..\libAACdec\src\pulsedata.cpp">
      <Filter>Source Files\libAACdec</Filter>
    </ClCompile>
    <ClCompile Include="..\libAACdec\src\rvlc.cpp">
      <Filter>Source Files\libAACdec</Filter>
    </ClCompile>
    <ClCompile Include="..\libAACdec\src\rvlcbit.cpp">
      <Filter>Source Files\libAACdec</Filter>
    </ClCompile>
    <ClCompile Include="..\libAACdec\src\rvlcconceal.cpp">
      <Filter>Source Files\libAACdec</Filter>
    </ClCompile>
    <ClCompile Include="..\libAACdec\src\stereo.cpp">
      <Filter>Source Files\libAACdec</Filter>
    </ClCompile>
    <ClCompile Include="..\libAACenc\src\aacenc.cpp">
      <Filter>Source Files\libAACenc</Filter>
    </ClCompile>
    <ClCompile Include="..\libAACenc\src\aacenc_lib.cpp">
      <Filter>Source Files\libAACenc</Filter>
    </ClCompile>
    <ClCompile Include="..\libAACenc\src\aacenc_pns.cpp">
      <Filter>Source Files\libAACenc</Filter>
    </ClCompile>
    <ClCompile Include="..\libAACenc\src\aacEnc_ram.cpp">
      <Filter>Source Files\libAACenc</Filter>
    </ClCompile>
    <ClCompile Include="..\libAACenc\src\aacEnc_rom.cpp">
      <Filter>Source Files\libAACenc</Filter>
    </ClCompile>
    <ClCompile Include="..\libAACenc\src\aacenc_tns.cpp">
      <Filter>Source Files\libAACenc</Filter>
    </ClCompile>
    <ClCompile Include="..\libAACenc\src\adj_thr.cpp">
      <Filter>Source Files\libAACenc</Filter>
    </ClCompile>
    <ClCompile Include="..\libAACenc\src\band_nrg.cpp">
      <Filter>Source Files\libAACenc</Filter>
    </ClCompile>
    <ClCompile Include="..\libAACenc\src\bandwidth.cpp">
      <Filter>Source Files\libAACenc</Filter>
    </ClCompile>
    <ClCompile Include="..\libAACenc\src\bit_cnt.cpp">
      <Filter>Source Files\libAACenc</Filter>
    </ClCompile>
    <ClCompile Include="..\libAACenc\src\bitenc.cpp">
      <Filter>Source Files\libAACenc</Filter>
    </ClCompile>
    <ClCompile Include="..\libAACenc\src\block_switch.cpp">
      <Filter>Source Files\libAACenc</Filter>
    </ClCompile>
    <ClCompile Include="..\libAACenc\src\channel_map.cpp">
      <Filter>Source Files\libAACenc</Filter>
    </ClCompile>
    <ClCompile Include="..\libAACenc\src\chaosmeasure.cpp">
      <Filter>Source Files\libAACenc</Filter>
    </ClCompile>
    <ClCompile Include="..\libAACenc\src\dyn_bits.cpp">
      <Filter>Source Files\libAACenc</Filter>
    </ClCompile>
    <ClCompile Include="..\libAACenc\src\grp_data.cpp">
      <Filter>Source Files\libAACenc</Filter>
    </ClCompile>
    <ClCompile Include="..\libAACenc\src\intensity.cpp">
      <Filter>Source Files\libAACenc</Filter>
    </ClCompile>
    <ClCompile Include="..\libAACenc\src\line_pe.cpp">
      <Filter>Source Files\libAACenc</Filter>
    </ClCompile>
    <ClCompile Include="..\libAACenc\src\metadata_compressor.cpp">
      <Filter>Source Files\libAACenc</Filter>
    </ClCompile>
    <ClCompile Include="..\libAACenc\src\metadata_main.cpp">
      <Filter>Source Files\libAACenc</Filter>
    </ClCompile>
    <ClCompile Include="..\libAACenc\src\ms_stereo.cpp">
      <Filter>Source Files\libAACenc</Filter>
    </ClCompile>
    <ClCompile Include="..\libAACenc\src\noisedet.cpp">
      <Filter>Source Files\libAACenc</Filter>
    </ClCompile>
    <ClCompile Include="..\libAACenc\src\pnsparam.cpp">
      <Filter>Source Files\libAACenc</Filter>
    </ClCompile>
    <ClCompile Include="..\libAACenc\src\pre_echo_control.cpp">
      <Filter>Source Files\libAACenc</Filter>
    </ClCompile>
    <ClCompile Include="..\libAACenc\src\psy_configuration.cpp">
      <Filter>Source Files\libAACenc</Filter>
    </ClCompile>
    <ClCompile Include="..\libAACenc\src\psy_main.cpp">
      <Filter>Source Files\libAACenc</Filter>
    </ClCompile>
    <ClCompile Include="..\libAACenc\src\qc_main.cpp">
      <Filter>Source Files\libAACenc</Filter>
    </ClCompile>
    <ClCompile Include="..\libAACenc\src\quantize.cpp">
      <Filter>Source Files\libAACenc</Filter>
    </ClCompile>
    <ClCompile Include="..\libAACenc\src\sf_estim.cpp">
      <Filter>Source Files\libAACenc</Filter>
    </ClCompile>
    <ClCompile Include="..\libAACenc\src\spreading.cpp">
      <Filter>Source Files\libAACenc</Filter>
    </ClCompile>
    <ClCompile Include="..\libAACenc\src\tonality.cpp">
      <Filter>Source Files\libAACenc</Filter>
    </ClCompile>
    <ClCompile Include="..\libAACenc\src\transform.cpp">
      <Filter>Source Files\libAACenc</Filter>
    </ClCompile>
    <ClCompile Include="..\libFDK\src\autocorr2nd.cpp">
      <Filter>Source Files\libFDK</Filter>
    </ClCompile>
    <ClCompile Include="..\libFDK\src\dct.cpp">
      <Filter>Source Files\libFDK</Filter>
    </ClCompile>
    <ClCompile Include="..\libFDK\src\FDK_bitbuffer.cpp">
      <Filter>Source Files\libFDK</Filter>
    </ClCompile>
    <ClCompile Include="..\libFDK\src\FDK_core.cpp">
      <Filter>Source Files\libFDK</Filter>
    </ClCompile>
    <ClCompile Include="..\libFDK\src\FDK_crc.cpp">
      <Filter>Source Files\libFDK</Filter>
    </ClCompile>
    <ClCompile Include="..\libFDK\src\FDK_hybrid.cpp">
      <Filter>Source Files\libFDK</Filter>
    </ClCompile>
    <ClCompile Include="..\libFDK\src\FDK_tools_rom.cpp">
      <Filter>Source Files\libFDK</Filter>
    </ClCompile>
    <ClCompile Include="..\libFDK\src\FDK_trigFcts.cpp">
      <Filter>Source Files\libFDK</Filter>
    </ClCompile>
    <ClCompile Include="..\libFDK\src\fft.cpp">
      <Filter>Source Files\libFDK</Filter>
    </ClCompile>
    <ClCompile Include="..\libFDK\src\fft_rad2.cpp">
      <Filter>Source Files\libFDK</Filter>
    </ClCompile>
    <ClCompile Include="..\libFDK\src\fixpoint_math.cpp">
      <Filter>Source Files\libFDK</Filter>
    </ClCompile>
    <ClCompile Include="..\libFDK\src\mdct.cpp">
      <Filter>Source Files\libFDK</Filter>
    </ClCompile>
    <ClCompile Include="..\libFDK\src\qmf.cpp">
      <Filter>Source Files\libFDK</Filter>
    </ClCompile>
    <ClCompile Include="..\libFDK\src\scale.cpp">
      <Filter>Source Files\libFDK</Filter>
    </ClCompile>
    <ClCompile Include="..\libMpegTPDec\src\tpdec_adif.cpp">
      <Filter>Source Files\libMpegTPDec</Filter>
    </ClCompile>
    <ClCompile Include="..\libMpegTPDec\src\tpdec_adts.cpp">
      <Filter>Source Files\libMpegTPDec</Filter>
    </ClCompile>
    <ClCompile Include="..\libMpegTPDec\src\tpdec_asc.cpp">
      <Filter>Source Files\libMpegTPDec</Filter>
    </ClCompile>
    <ClCompile Include="..\libMpegTPDec\src\tpdec_latm.cpp">
      <Filter>Source Files\libMpegTPDec</Filter>
    </ClCompile>
    <ClCompile Include="..\libMpegTPDec\src\tpdec_lib.cpp">
      <Filter>Source Files\libMpegTPDec</Filter>
    </ClCompile>
    <ClCompile Include="..\libMpegTPEnc\src\tpenc_adif.cpp">
      <Filter>Source Files\libMpegTPEnc</Filter>
    </ClCompile>
    <ClCompile Include="..\libMpegTPEnc\src\tpenc_adts.cpp">
      <Filter>Source Files\libMpegTPEnc</Filter>
    </ClCompile>
    <ClCompile Include="..\libMpegTPEnc\src\tpenc_asc.cpp">
      <Filter>Source Files\libMpegTPEnc</Filter>
    </ClCompile>
    <ClCompile Include="..\libMpegTPEnc\src\tpenc_latm.cpp">
      <Filter>Source Files\libMpegTPEnc</Filter>
    </ClCompile>
    <ClCompile Include="..\libMpegTPEnc\src\tpenc_lib.cpp">
      <Filter>Source Files\libMpegTPEnc</Filter>
    </ClCompile>
    <ClCompile Include="..\libSYS\src\genericStds.cpp">
      <Filter>Source Files\libSYS</Filter>
    </ClCompile>
    <ClCompile Include="..\libSYS\src\syslib_channelMapDescr.cpp">
      <Filter>Source Files\libSYS</Filter>
    </ClCompile>
    <ClCompile Include="..\libAACdec\src\FDK_delay.cpp">
      <Filter>Source Files\libAACdec</Filter>
    </ClCompile>
    <ClCompile Include="..\libAACdec\src\usacdec_ace_d4t64.cpp">
      <Filter>Source Files\libAACdec</Filter>
    </ClCompile>
    <ClCompile Include="..\libAACdec\src\usacdec_ace_ltp.cpp">
      <Filter>Source Files\libAACdec</Filter>
    </ClCompile>
    <ClCompile Include="..\libAACdec\src\usacdec_acelp.cpp">
      <Filter>Source Files\libAACdec</Filter>
    </ClCompile>
    <ClCompile Include="..\libAACdec\src\usacdec_fac.cpp">
      <Filter>Source Files\libAACdec</Filter>
    </ClCompile>
    <ClCompile Include="..\libAACdec\src\usacdec_lpc.cpp">
      <Filter>Source Files\libAACdec</Filter>
    </ClCompile>
    <ClCompile Include="..\libAACdec\src\usacdec_lpd.cpp">
      <Filter>Source Files\libAACdec</Filter>
    </ClCompile>
    <ClCompile Include="..\libAACdec\src\usacdec_rom.cpp">
      <Filter>Source Files\libAACdec</Filter>
    </ClCompile>
    <ClCompile Include="..\libAACenc\src\mps_main.cpp">
      <Filter>Source Files\libAACenc</Filter>
    </ClCompile>
    <ClCompile Include="..\libFDK\src\FDK_decorrelate.cpp">
      <Filter>Source Files\libFDK</Filter>
    </ClCompile>
    <ClCompile Include="..\libFDK\src\FDK_lpc.cpp">
      <Filter>Source Files\libFDK</Filter>
    </ClCompile>
    <ClCompile Include="..\libFDK\src\FDK_matrixCalloc.cpp">
      <Filter>Source Files\libFDK</Filter>
    </ClCompile>
    <ClCompile Include="..\libFDK\src\FDK_qmf_domain.cpp">
      <Filter>Source Files\libFDK</Filter>
    </ClCompile>
    <ClCompile Include="..\libFDK\src\huff_nodes.cpp">
      <Filter>Source Files\libFDK</Filter>
    </ClCompile>
    <ClCompile Include="..\libFDK\src\nlc_dec.cpp">
      <Filter>Source Files\libFDK</Filter>
    </ClCompile>
    <ClCompile Include="..\libMpegTPDec\src\tpdec_drm.cpp">
      <Filter>Source Files\libMpegTPDec</Filter>
    </ClCompile>
    <ClCompile Include="..\libPCMutils\src\limiter.cpp">
      <Filter>Source Files\libPCMutils</Filter>
    </ClCompile>
    <ClCompile Include="..\libPCMutils\src\pcm_utils.cpp">
      <Filter>Source Files\libPCMutils</Filter>
    </ClCompile>
    <ClCompile Include="..\libPCMutils\src\pcmdmx_lib.cpp">
      <Filter>Source Files\libPCMutils</Filter>
    </ClCompile>
    <ClCompile Include="..\libSBRdec\src\env_calc.cpp">
      <Filter>Source Files\libSBRdec</Filter>
    </ClCompile>
    <ClCompile Include="..\libSBRdec\src\env_dec.cpp">
      <Filter>Source Files\libSBRdec</Filter>
    </ClCompile>
    <ClCompile Include="..\libSBRdec\src\env_extr.cpp">
      <Filter>Source Files\libSBRdec</Filter>
    </ClCompile>
    <ClCompile Include="..\libSBRdec\src\hbe.cpp">
      <Filter>Source Files\libSBRdec</Filter>
    </ClCompile>
    <ClCompile Include="..\libSBRdec\src\HFgen_preFlat.cpp">
      <Filter>Source Files\libSBRdec</Filter>
    </ClCompile>
    <ClCompile Include="..\libSBRdec\src\huff_dec.cpp">
      <Filter>Source Files\libSBRdec</Filter>
    </ClCompile>
    <ClCompile Include="..\libSBRdec\src\lpp_tran.cpp">
      <Filter>Source Files\libSBRdec</Filter>
    </ClCompile>
    <ClCompile Include="..\libSBRdec\src\psbitdec.cpp">
      <Filter>Source Files\libSBRdec</Filter>
    </ClCompile>
    <ClCompile Include="..\libSBRdec\src\psdec.cpp">
      <Filter>Source Files\libSBRdec</Filter>
    </ClCompile>
    <ClCompile Include="..\libSBRdec\src\psdec_drm.cpp">
      <Filter>Source Files\libSBRdec</Filter>
    </ClCompile>
    <ClCompile Include="..\libSBRdec\src\psdecrom_drm.cpp">
      <Filter>Source Files\libSBRdec</Filter>
    </ClCompile>
    <ClCompile Include="..\libSBRdec\src\pvc_dec.cpp">
      <Filter>Source Files\libSBRdec</Filter>
    </ClCompile>
    <ClCompile Include="..\libSBRdec\src\sbr_crc.cpp">
      <Filter>Source Files\libSBRdec</Filter>
    </ClCompile>
    <ClCompile Include="..\libSBRdec\src\sbr_deb.cpp">
      <Filter>Source Files\libSBRdec</Filter>
    </ClCompile>
    <ClCompile Include="..\libSBRdec\src\sbr_dec.cpp">
      <Filter>Source Files\libSBRdec</Filter>
    </ClCompile>
    <ClCompile Include="..\libSBRdec\src\sbr_ram.cpp">
      <Filter>Source Files\libSBRdec</Filter>
    </ClCompile>
    <ClCompile Include="..\libSBRdec\src\sbr_rom.cpp">
      <Filter>Source Files\libSBRdec</Filter>
    </ClCompile>
    <ClCompile Include="..\libSBRdec\src\sbrdec_drc.cpp">
      <Filter>Source Files\libSBRdec</Filter>
    </ClCompile>
    <ClCompile Include="..\libSBRdec\src\sbrdec_freq_sca.cpp">
      <Filter>Source Files\libSBRdec</Filter>
    </ClCompile>
    <ClCompile Include="..\libSBRdec\src\sbrdecoder.cpp">
      <Filter>Source Files\libSBRdec</Filter>
    </ClCompile>
    <ClCompile Include="..\libSBRenc\src\bit_sbr.cpp">
      <Filter>Source Files\libSBRenc</Filter>
    </ClCompile>
    <ClCompile Include="..\libSBRenc\src\code_env.cpp">
      <Filter>Source Files\libSBRenc</Filter>
    </ClCompile>
    <ClCompile Include="..\libSBRenc\src\env_bit.cpp">
      <Filter>Source Files\libSBRenc</Filter>
    </ClCompile>
    <ClCompile Include="..\libSBRenc\src\env_est.cpp">
      <Filter>Source Files\libSBRenc</Filter>
    </ClCompile>
    <ClCompile Include="..\libSBRenc\src\fram_gen.cpp">
      <Filter>Source Files\libSBRenc</Filter>
    </ClCompile>
    <ClCompile Include="..\libSBRenc\src\invf_est.cpp">
      <Filter>Source Files\libSBRenc</Filter>
    </ClCompile>
    <ClCompile Include="..\libSBRenc\src\mh_det.cpp">
      <Filter>Source Files\libSBRenc</Filter>
    </ClCompile>
    <ClCompile Include="..\libSBRenc\src\nf_est.cpp">
      <Filter>Source Files\libSBRenc</Filter>
    </ClCompile>
    <ClCompile Include="..\libSBRenc\src\ps_bitenc.cpp">
      <Filter>Source Files\libSBRenc</Filter>
    </ClCompile>
    <ClCompile Include="..\libSBRenc\src\ps_encode.cpp">
      <Filter>Source Files\libSBRenc</Filter>
    </ClCompile>
    <ClCompile Include="..\libSBRenc\src\ps_main.cpp">
      <Filter>Source Files\libSBRenc</Filter>
    </ClCompile>
    <ClCompile Include="..\libSBRenc\src\resampler.cpp">
      <Filter>Source Files\libSBRenc</Filter>
    </ClCompile>
    <ClCompile Include="..\libSBRenc\src\sbr_encoder.cpp">
      <Filter>Source Files\libSBRenc</Filter>
    </ClCompile>
    <ClCompile Include="..\libSBRenc\src\sbr_misc.cpp">
      <Filter>Source Files\libSBRenc</Filter>
    </ClCompile>
    <ClCompile Include="..\libSBRenc\src\sbrenc_freq_sca.cpp">
      <Filter>Source Files\libSBRenc</Filter>
    </ClCompile>
    <ClCompile Include="..\libSBRenc\src\sbrenc_ram.cpp">
      <Filter>Source Files\libSBRenc</Filter>
    </ClCompile>
    <ClCompile Include="..\libSBRenc\src\sbrenc_rom.cpp">
      <Filter>Source Files\libSBRenc</Filter>
    </ClCompile>
    <ClCompile Include="..\libSBRenc\src\ton_corr.cpp">
      <Filter>Source Files\libSBRenc</Filter>
    </ClCompile>
    <ClCompile Include="..\libSBRenc\src\tran_det.cpp">
      <Filter>Source Files\libSBRenc</Filter>
    </ClCompile>
    <ClCompile Include="..\libSACdec\src\sac_bitdec.cpp">
      <Filter>Source Files\libSACdec</Filter>
    </ClCompile>
    <ClCompile Include="..\libSACdec\src\sac_calcM1andM2.cpp">
      <Filter>Source Files\libSACdec</Filter>
    </ClCompile>
    <ClCompile Include="..\libSACdec\src\sac_dec.cpp">
      <Filter>Source Files\libSACdec</Filter>
    </ClCompile>
    <ClCompile Include="..\libSACdec\src\sac_dec_conceal.cpp">
      <Filter>Source Files\libSACdec</Filter>
    </ClCompile>
    <ClCompile Include="..\libSACdec\src\sac_dec_lib.cpp">
      <Filter>Source Files\libSACdec</Filter>
    </ClCompile>
    <ClCompile Include="..\libSACdec\src\sac_process.cpp">
      <Filter>Source Files\libSACdec</Filter>
    </ClCompile>
    <ClCompile Include="..\libSACdec\src\sac_qmf.cpp">
      <Filter>Source Files\libSACdec</Filter>
    </ClCompile>
    <ClCompile Include="..\libSACdec\src\sac_reshapeBBEnv.cpp">
      <Filter>Source Files\libSACdec</Filter>
    </ClCompile>
    <ClCompile Include="..\libSACdec\src\sac_rom.cpp">
      <Filter>Source Files\libSACdec</Filter>
    </ClCompile>
    <ClCompile Include="..\libSACdec\src\sac_smoothing.cpp">
      <Filter>Source Files\libSACdec</Filter>
    </ClCompile>
    <ClCompile Include="..\libSACdec\src\sac_stp.cpp">
      <Filter>Source Files\libSACdec</Filter>
    </ClCompile>
    <ClCompile Include="..\libSACdec\src\sac_tsd.cpp">
      <Filter>Source Files\libSACdec</Filter>
    </ClCompile>
    <ClCompile Include="..\libSACenc\src\sacenc_bitstream.cpp">
      <Filter>Source Files\libSACenc</Filter>
    </ClCompile>
    <ClCompile Include="..\libSACenc\src\sacenc_delay.cpp">
      <Filter>Source Files\libSACenc</Filter>
    </ClCompile>
    <ClCompile Include="..\libSACenc\src\sacenc_dmx_tdom_enh.cpp">
      <Filter>Source Files\libSACenc</Filter>
    </ClCompile>
    <ClCompile Include="..\libSACenc\src\sacenc_filter.cpp">
      <Filter>Source Files\libSACenc</Filter>
    </ClCompile>
    <ClCompile Include="..\libSACenc\src\sacenc_framewindowing.cpp">
      <Filter>Source Files\libSACenc</Filter>
    </ClCompile>
    <ClCompile Include="..\libSACenc\src\sacenc_huff_tab.cpp">
      <Filter>Source Files\libSACenc</Filter>
    </ClCompile>
    <ClCompile Include="..\libSACenc\src\sacenc_lib.cpp">
      <Filter>Source Files\libSACenc</Filter>
    </ClCompile>
    <ClCompile Include="..\libSACenc\src\sacenc_nlc_enc.cpp">
      <Filter>Source Files\libSACenc</Filter>
    </ClCompile>
    <ClCompile Include="..\libSACenc\src\sacenc_onsetdetect.cpp">
      <Filter>Source Files\libSACenc</Filter>
    </ClCompile>
    <ClCompile Include="..\libSACenc\src\sacenc_paramextract.cpp">
      <Filter>Source Files\libSACenc</Filter>
    </ClCompile>
    <ClCompile Include="..\libSACenc\src\sacenc_staticgain.cpp">
      <Filter>Source Files\libSACenc</Filter>
    </ClCompile>
    <ClCompile Include="..\libSACenc\src\sacenc_tree.cpp">
      <Filter>Source Files\libSACenc</Filter>
    </ClCompile>
    <ClCompile Include="..\libSACenc\src\sacenc_vectorfunctions.cpp">
      <Filter>Source Files\libSACenc</Filter>
    </ClCompile>
    <ClCompile Include="..\libArithCoding\src\ac_arith_coder.cpp">
      <Filter>Source Files\libArithCoding</Filter>
    </ClCompile>
    <ClCompile Include="..\libDRCdec\src\drcDec_gainDecoder.cpp">
      <Filter>Source Files\libDRCdec</Filter>
    </ClCompile>
    <ClCompile Include="..\libDRCdec\src\drcDec_reader.cpp">
      <Filter>Source Files\libDRCdec</Filter>
    </ClCompile>
    <ClCompile Include="..\libDRCdec\src\drcDec_rom.cpp">
      <Filter>Source Files\libDRCdec</Filter>
    </ClCompile>
    <ClCompile Include="..\libDRCdec\src\drcDec_selectionProcess.cpp">
      <Filter>Source Files\libDRCdec</Filter>
    </ClCompile>
    <ClCompile Include="..\libDRCdec\src\drcDec_tools.cpp">
      <Filter>Source Files\libDRCdec</Filter>
    </ClCompile>
    <ClCompile Include="..\libDRCdec\src\drcGainDec_init.cpp">
      <Filter>Source Files\libDRCdec</Filter>
    </ClCompile>
    <ClCompile Include="..\libDRCdec\src\drcGainDec_preprocess.cpp">
      <Filter>Source Files\libDRCdec</Filter>
    </ClCompile>
    <ClCompile Include="..\libDRCdec\src\drcGainDec_process.cpp">
      <Filter>Source Files\libDRCdec</Filter>
    </ClCompile>
    <ClCompile Include="..\libDRCdec\src\FDK_drcDecLib.cpp">
      <Filter>Source Files\libDRCdec</Filter>
    </ClCompile>
  </ItemGroup>
</Project>